
Microsoft Visual Studio Solution File, Format Version 12.00
# Visual Studio Version 16
VisualStudioVersion = 16.0.29519.87
MinimumVisualStudioVersion = 10.0.40219.1
Project("{FAE04EC0-301F-11D3-BF4B-00C04F79EFBC}") = "homeWorkLesson4_1", "homeWorkLesson4_1\homeWorkLesson4_1.csproj", "{E79EB8B4-7C96-4913-9B1B-CA1306D25347}"
EndProject
Project("{FAE04EC0-301F-11D3-BF4B-00C04F79EFBC}") = "homeWorkLesson4_2", "homeWorkLesson4_2\homeWorkLesson4_2.csproj", "{7DD2F071-6C8B-436D-ADBB-782CB3F27B6D}"
EndProject
Project("{FAE04EC0-301F-11D3-BF4B-00C04F79EFBC}") = "homeWorkLesson4_3", "homeWorkLesson4_3\homeWorkLesson4_3.csproj", "{FBEF8F03-4CB5-4D1B-9544-8811675CF086}"
EndProject
Project("{FAE04EC0-301F-11D3-BF4B-00C04F79EFBC}") = "homeWorkLesson4_4", "homeWorkLesson4_4\homeWorkLesson4_4.csproj", "{ECABA409-61C6-43BC-9F1F-56E12A63F8A8}"
EndProject
Project("{FAE04EC0-301F-11D3-BF4B-00C04F79EFBC}") = "homeWorkLesson4_5", "homeWorkLesson4_5\homeWorkLesson4_5.csproj", "{38BEDF9F-83BC-401E-B583-BE4AD4C3CB3F}"
EndProject
Project("{FAE04EC0-301F-11D3-BF4B-00C04F79EFBC}") = "homeWorkLesson4_6", "homeWorkLesson4_6\homeWorkLesson4_6.csproj", "{885EA631-D5F4-42A3-9E5F-E56B95912CD5}"
EndProject
Project("{FAE04EC0-301F-11D3-BF4B-00C04F79EFBC}") = "homeWorkLesson4_7", "homeWorkLesson4_7\homeWorkLesson4_7.csproj", "{FF4B12EC-4A89-48AD-B7E0-133F64C7A913}"
EndProject
Project("{FAE04EC0-301F-11D3-BF4B-00C04F79EFBC}") = "homeWorkLesson4_8", "homeWorkLesson4_8\homeWorkLesson4_8.csproj", "{9C1D973C-4C90-4415-BC84-AEB7A76FE576}"
EndProject
Project("{FAE04EC0-301F-11D3-BF4B-00C04F79EFBC}") = "homeWorkLesson4_9", "homeWorkLesson4_9\homeWorkLesson4_9.csproj", "{22F7CC1F-924C-4AE7-83C9-87D8A85B3F55}"
EndProject
Project("{FAE04EC0-301F-11D3-BF4B-00C04F79EFBC}") = "homeWorkLesson4_10", "homeWorkLesson4_10\homeWorkLesson4_10.csproj", "{622DB170-3762-461A-B0FF-AB7831B70B38}"
EndProject
Global
	GlobalSection(SolutionConfigurationPlatforms) = preSolution
		Debug|Any CPU = Debug|Any CPU
		Release|Any CPU = Release|Any CPU
	EndGlobalSection
	GlobalSection(ProjectConfigurationPlatforms) = postSolution
		{E79EB8B4-7C96-4913-9B1B-CA1306D25347}.Debug|Any CPU.ActiveCfg = Debug|Any CPU
		{E79EB8B4-7C96-4913-9B1B-CA1306D25347}.Debug|Any CPU.Build.0 = Debug|Any CPU
		{E79EB8B4-7C96-4913-9B1B-CA1306D25347}.Release|Any CPU.ActiveCfg = Release|Any CPU
		{E79EB8B4-7C96-4913-9B1B-CA1306D25347}.Release|Any CPU.Build.0 = Release|Any CPU
		{7DD2F071-6C8B-436D-ADBB-782CB3F27B6D}.Debug|Any CPU.ActiveCfg = Debug|Any CPU
		{7DD2F071-6C8B-436D-ADBB-782CB3F27B6D}.Debug|Any CPU.Build.0 = Debug|Any CPU
		{7DD2F071-6C8B-436D-ADBB-782CB3F27B6D}.Release|Any CPU.ActiveCfg = Release|Any CPU
		{7DD2F071-6C8B-436D-ADBB-782CB3F27B6D}.Release|Any CPU.Build.0 = Release|Any CPU
		{FBEF8F03-4CB5-4D1B-9544-8811675CF086}.Debug|Any CPU.ActiveCfg = Debug|Any CPU
		{FBEF8F03-4CB5-4D1B-9544-8811675CF086}.Debug|Any CPU.Build.0 = Debug|Any CPU
		{FBEF8F03-4CB5-4D1B-9544-8811675CF086}.Release|Any CPU.ActiveCfg = Release|Any CPU
		{FBEF8F03-4CB5-4D1B-9544-8811675CF086}.Release|Any CPU.Build.0 = Release|Any CPU
		{ECABA409-61C6-43BC-9F1F-56E12A63F8A8}.Debug|Any CPU.ActiveCfg = Debug|Any CPU
		{ECABA409-61C6-43BC-9F1F-56E12A63F8A8}.Debug|Any CPU.Build.0 = Debug|Any CPU
		{ECABA409-61C6-43BC-9F1F-56E12A63F8A8}.Release|Any CPU.ActiveCfg = Release|Any CPU
		{ECABA409-61C6-43BC-9F1F-56E12A63F8A8}.Release|Any CPU.Build.0 = Release|Any CPU
		{38BEDF9F-83BC-401E-B583-BE4AD4C3CB3F}.Debug|Any CPU.ActiveCfg = Debug|Any CPU
		{38BEDF9F-83BC-401E-B583-BE4AD4C3CB3F}.Debug|Any CPU.Build.0 = Debug|Any CPU
		{38BEDF9F-83BC-401E-B583-BE4AD4C3CB3F}.Release|Any CPU.ActiveCfg = Release|Any CPU
		{38BEDF9F-83BC-401E-B583-BE4AD4C3CB3F}.Release|Any CPU.Build.0 = Release|Any CPU
		{885EA631-D5F4-42A3-9E5F-E56B95912CD5}.Debug|Any CPU.ActiveCfg = Debug|Any CPU
		{885EA631-D5F4-42A3-9E5F-E56B95912CD5}.Debug|Any CPU.Build.0 = Debug|Any CPU
		{885EA631-D5F4-42A3-9E5F-E56B95912CD5}.Release|Any CPU.ActiveCfg = Release|Any CPU
		{885EA631-D5F4-42A3-9E5F-E56B95912CD5}.Release|Any CPU.Build.0 = Release|Any CPU
		{FF4B12EC-4A89-48AD-B7E0-133F64C7A913}.Debug|Any CPU.ActiveCfg = Debug|Any CPU
		{FF4B12EC-4A89-48AD-B7E0-133F64C7A913}.Debug|Any CPU.Build.0 = Debug|Any CPU
		{FF4B12EC-4A89-48AD-B7E0-133F64C7A913}.Release|Any CPU.ActiveCfg = Release|Any CPU
		{FF4B12EC-4A89-48AD-B7E0-133F64C7A913}.Release|Any CPU.Build.0 = Release|Any CPU
		{9C1D973C-4C90-4415-BC84-AEB7A76FE576}.Debug|Any CPU.ActiveCfg = Debug|Any CPU
		{9C1D973C-4C90-4415-BC84-AEB7A76FE576}.Debug|Any CPU.Build.0 = Debug|Any CPU
		{9C1D973C-4C90-4415-BC84-AEB7A76FE576}.Release|Any CPU.ActiveCfg = Release|Any CPU
		{9C1D973C-4C90-4415-BC84-AEB7A76FE576}.Release|Any CPU.Build.0 = Release|Any CPU
		{22F7CC1F-924C-4AE7-83C9-87D8A85B3F55}.Debug|Any CPU.ActiveCfg = Debug|Any CPU
		{22F7CC1F-924C-4AE7-83C9-87D8A85B3F55}.Debug|Any CPU.Build.0 = Debug|Any CPU
		{22F7CC1F-924C-4AE7-83C9-87D8A85B3F55}.Release|Any CPU.ActiveCfg = Release|Any CPU
		{22F7CC1F-924C-4AE7-83C9-87D8A85B3F55}.Release|Any CPU.Build.0 = Release|Any CPU
		{622DB170-3762-461A-B0FF-AB7831B70B38}.Debug|Any CPU.ActiveCfg = Debug|Any CPU
		{622DB170-3762-461A-B0FF-AB7831B70B38}.Debug|Any CPU.Build.0 = Debug|Any CPU
		{622DB170-3762-461A-B0FF-AB7831B70B38}.Release|Any CPU.ActiveCfg = Release|Any CPU
		{622DB170-3762-461A-B0FF-AB7831B70B38}.Release|Any CPU.Build.0 = Release|Any CPU
	EndGlobalSection
	GlobalSection(SolutionProperties) = preSolution
		HideSolutionNode = FALSE
	EndGlobalSection
	GlobalSection(ExtensibilityGlobals) = postSolution
		SolutionGuid = {9FD0205A-EB42-4A07-8719-37651CFE2EE2}
	EndGlobalSection
EndGlobal
